
Microsoft Visual Studio Solution File, Format Version 12.00
# Visual Studio 15
VisualStudioVersion = 15.0.26730.3
MinimumVisualStudioVersion = 10.0.40219.1
Project("{FAE04EC0-301F-11D3-BF4B-00C04F79EFBC}") = "DirSize", "DirSize\DirSize.csproj", "{CF056F5C-11CD-472D-BA6F-BEE8D335A69D}"
EndProject
Global
	GlobalSection(SolutionConfigurationPlatforms) = preSolution
		Debug|Any CPU = Debug|Any CPU
		Release|Any CPU = Release|Any CPU
	EndGlobalSection
	GlobalSection(ProjectConfigurationPlatforms) = postSolution
		{CF056F5C-11CD-472D-BA6F-BEE8D335A69D}.Debug|Any CPU.ActiveCfg = Debug|Any CPU
		{CF056F5C-11CD-472D-BA6F-BEE8D335A69D}.Debug|Any CPU.Build.0 = Debug|Any CPU
		{CF056F5C-11CD-472D-BA6F-BEE8D335A69D}.Release|Any CPU.ActiveCfg = Release|Any CPU
		{CF056F5C-11CD-472D-BA6F-BEE8D335A69D}.Release|Any CPU.Build.0 = Release|Any CPU
	EndGlobalSection
	GlobalSection(SolutionProperties) = preSolution
		HideSolutionNode = FALSE
	EndGlobalSection
	GlobalSection(ExtensibilityGlobals) = postSolution
		SolutionGuid = {258E4897-C808-404F-B80A-4131E3F15C99}
	EndGlobalSection
EndGlobal
